
Microsoft Visual Studio Solution File, Format Version 11.00
# Visual Studio 2010
Project("{FAE04EC0-301F-11D3-BF4B-00C04F79EFBC}") = "Assembly-CSharp", "Assembly-CSharp.csproj", "{2a1e097b-6379-fe61-62b1-785df6b333dd}"
EndProject
Project("{FAE04EC0-301F-11D3-BF4B-00C04F79EFBC}") = "Assembly-CSharp-Editor", "Assembly-CSharp-Editor.csproj", "{1e703192-4ac9-8712-fdbc-9f9845b38667}"
EndProject
Global
	GlobalSection(SolutionConfigurationPlatforms) = preSolution
		Debug|Any CPU = Debug|Any CPU
		Release|Any CPU = Release|Any CPU
	EndGlobalSection
	GlobalSection(ProjectConfigurationPlatforms) = postSolution
		{2a1e097b-6379-fe61-62b1-785df6b333dd}.Debug|Any CPU.ActiveCfg = Debug|Any CPU
		{2a1e097b-6379-fe61-62b1-785df6b333dd}.Debug|Any CPU.Build.0 = Debug|Any CPU
		{2a1e097b-6379-fe61-62b1-785df6b333dd}.Release|Any CPU.ActiveCfg = Release|Any CPU
		{2a1e097b-6379-fe61-62b1-785df6b333dd}.Release|Any CPU.Build.0 = Release|Any CPU
		{1e703192-4ac9-8712-fdbc-9f9845b38667}.Debug|Any CPU.ActiveCfg = Debug|Any CPU
		{1e703192-4ac9-8712-fdbc-9f9845b38667}.Debug|Any CPU.Build.0 = Debug|Any CPU
		{1e703192-4ac9-8712-fdbc-9f9845b38667}.Release|Any CPU.ActiveCfg = Release|Any CPU
		{1e703192-4ac9-8712-fdbc-9f9845b38667}.Release|Any CPU.Build.0 = Release|Any CPU
	EndGlobalSection
	GlobalSection(SolutionProperties) = preSolution
		HideSolutionNode = FALSE
	EndGlobalSection
EndGlobal
